
Microsoft Visual Studio Solution File, Format Version 12.00
# Visual Studio Version 16
VisualStudioVersion = 16.0.29728.190
MinimumVisualStudioVersion = 10.0.40219.1
Project("{9A19103F-16F7-4668-BE54-9A1E7A4F7556}") = "Ecommerce.WebApp", "Ecommerce\Ecommerce.WebApp.csproj", "{798A528D-271B-4F92-8FE2-BC314FAF95F0}"
EndProject
Global
	GlobalSection(SolutionConfigurationPlatforms) = preSolution
		Debug|Any CPU = Debug|Any CPU
		Release|Any CPU = Release|Any CPU
	EndGlobalSection
	GlobalSection(ProjectConfigurationPlatforms) = postSolution
		{798A528D-271B-4F92-8FE2-BC314FAF95F0}.Debug|Any CPU.ActiveCfg = Debug|Any CPU
		{798A528D-271B-4F92-8FE2-BC314FAF95F0}.Debug|Any CPU.Build.0 = Debug|Any CPU
		{798A528D-271B-4F92-8FE2-BC314FAF95F0}.Release|Any CPU.ActiveCfg = Release|Any CPU
		{798A528D-271B-4F92-8FE2-BC314FAF95F0}.Release|Any CPU.Build.0 = Release|Any CPU
	EndGlobalSection
	GlobalSection(SolutionProperties) = preSolution
		HideSolutionNode = FALSE
	EndGlobalSection
	GlobalSection(ExtensibilityGlobals) = postSolution
		SolutionGuid = {EA555060-915A-41A7-BDF3-EFD8A8E31D1B}
	EndGlobalSection
EndGlobal
